
Microsoft Visual Studio Solution File, Format Version 12.00
# Visual Studio Version 17
VisualStudioVersion = 17.1.32414.318
MinimumVisualStudioVersion = 10.0.40219.1
Project("{9A19103F-16F7-4668-BE54-9A1E7A4F7556}") = "DataScience", "DataScience\DataScience.csproj", "{EEBFC9F6-012C-428A-B31E-CAAEFEB9CEE2}"
EndProject
Project("{FAE04EC0-301F-11D3-BF4B-00C04F79EFBC}") = "DataCollection", "DataCollection\DataCollection.csproj", "{0B45F5EC-074D-4B73-8201-A256DC701411}"
EndProject
Project("{FAE04EC0-301F-11D3-BF4B-00C04F79EFBC}") = "Runner", "Runner\Runner.csproj", "{B0DE3301-5857-46AB-8303-75AEC9AFB975}"
EndProject
Global
	GlobalSection(SolutionConfigurationPlatforms) = preSolution
		Debug|Any CPU = Debug|Any CPU
		Release|Any CPU = Release|Any CPU
	EndGlobalSection
	GlobalSection(ProjectConfigurationPlatforms) = postSolution
		{EEBFC9F6-012C-428A-B31E-CAAEFEB9CEE2}.Debug|Any CPU.ActiveCfg = Debug|Any CPU
		{EEBFC9F6-012C-428A-B31E-CAAEFEB9CEE2}.Debug|Any CPU.Build.0 = Debug|Any CPU
		{EEBFC9F6-012C-428A-B31E-CAAEFEB9CEE2}.Release|Any CPU.ActiveCfg = Release|Any CPU
		{EEBFC9F6-012C-428A-B31E-CAAEFEB9CEE2}.Release|Any CPU.Build.0 = Release|Any CPU
		{0B45F5EC-074D-4B73-8201-A256DC701411}.Debug|Any CPU.ActiveCfg = Debug|Any CPU
		{0B45F5EC-074D-4B73-8201-A256DC701411}.Debug|Any CPU.Build.0 = Debug|Any CPU
		{0B45F5EC-074D-4B73-8201-A256DC701411}.Release|Any CPU.ActiveCfg = Release|Any CPU
		{0B45F5EC-074D-4B73-8201-A256DC701411}.Release|Any CPU.Build.0 = Release|Any CPU
		{B0DE3301-5857-46AB-8303-75AEC9AFB975}.Debug|Any CPU.ActiveCfg = Debug|Any CPU
		{B0DE3301-5857-46AB-8303-75AEC9AFB975}.Debug|Any CPU.Build.0 = Debug|Any CPU
		{B0DE3301-5857-46AB-8303-75AEC9AFB975}.Release|Any CPU.ActiveCfg = Release|Any CPU
		{B0DE3301-5857-46AB-8303-75AEC9AFB975}.Release|Any CPU.Build.0 = Release|Any CPU
	EndGlobalSection
	GlobalSection(SolutionProperties) = preSolution
		HideSolutionNode = FALSE
	EndGlobalSection
	GlobalSection(ExtensibilityGlobals) = postSolution
		SolutionGuid = {4672D199-7777-4F87-B4CF-6D06B96B091D}
	EndGlobalSection
EndGlobal
